
Microsoft Visual Studio Solution File, Format Version 12.00
# Visual Studio Version 17
VisualStudioVersion = 17.9.34728.123
MinimumVisualStudioVersion = 10.0.40219.1
Project("{FAE04EC0-301F-11D3-BF4B-00C04F79EFBC}") = "Framework", "Framework\Framework.csproj", "{8FCD0954-9F1A-4E66-802F-DC26DC412494}"
EndProject
Project("{FAE04EC0-301F-11D3-BF4B-00C04F79EFBC}") = "ApplicationTest", "ApplicationTest\ApplicationTest.csproj", "{6BB0C580-453D-46D1-8301-F97DBAC2C2F9}"
EndProject
Global
	GlobalSection(SolutionConfigurationPlatforms) = preSolution
		Debug|Any CPU = Debug|Any CPU
		Release|Any CPU = Release|Any CPU
	EndGlobalSection
	GlobalSection(ProjectConfigurationPlatforms) = postSolution
		{8FCD0954-9F1A-4E66-802F-DC26DC412494}.Debug|Any CPU.ActiveCfg = Debug|Any CPU
		{8FCD0954-9F1A-4E66-802F-DC26DC412494}.Debug|Any CPU.Build.0 = Debug|Any CPU
		{8FCD0954-9F1A-4E66-802F-DC26DC412494}.Release|Any CPU.ActiveCfg = Release|Any CPU
		{8FCD0954-9F1A-4E66-802F-DC26DC412494}.Release|Any CPU.Build.0 = Release|Any CPU
		{6BB0C580-453D-46D1-8301-F97DBAC2C2F9}.Debug|Any CPU.ActiveCfg = Debug|Any CPU
		{6BB0C580-453D-46D1-8301-F97DBAC2C2F9}.Debug|Any CPU.Build.0 = Debug|Any CPU
		{6BB0C580-453D-46D1-8301-F97DBAC2C2F9}.Release|Any CPU.ActiveCfg = Release|Any CPU
		{6BB0C580-453D-46D1-8301-F97DBAC2C2F9}.Release|Any CPU.Build.0 = Release|Any CPU
	EndGlobalSection
	GlobalSection(SolutionProperties) = preSolution
		HideSolutionNode = FALSE
	EndGlobalSection
	GlobalSection(ExtensibilityGlobals) = postSolution
		SolutionGuid = {5278EF0F-17EF-4A59-9456-329BAC1A8F9F}
	EndGlobalSection
EndGlobal
